
Microsoft Visual Studio Solution File, Format Version 12.00
# Visual Studio Version 16
VisualStudioVersion = 16.0.31729.503
MinimumVisualStudioVersion = 10.0.40219.1
Project("{9A19103F-16F7-4668-BE54-9A1E7A4F7556}") = "CovidDataWarehouse.App", "CovidDataWarehouse\CovidDataWarehouse.App.csproj", "{B6869295-EA12-4405-95D5-9612C09CAD9A}"
EndProject
Project("{9A19103F-16F7-4668-BE54-9A1E7A4F7556}") = "CovidDataWarehouse.Domain", "CovidDataWarehouse.Domain\CovidDataWarehouse.Domain.csproj", "{14C0869E-FC2C-4DA7-B68B-64E5C8C6DECD}"
EndProject
Project("{9A19103F-16F7-4668-BE54-9A1E7A4F7556}") = "CovidDataWarehouse.Data", "CovidDataWarehouse.Data\CovidDataWarehouse.Data.csproj", "{41F4707D-ACBB-42D0-B887-51995D160FF4}"
EndProject
Project("{2150E333-8FDC-42A3-9474-1A3956D46DE8}") = "PowerBi", "PowerBi", "{8AFE8B09-990D-4A70-A55F-A1CF1AA81CD6}"
	ProjectSection(SolutionItems) = preProject
		..\..\..\Downloads\Database_2_Data_visual.pbix = ..\..\..\Downloads\Database_2_Data_visual.pbix
	EndProjectSection
EndProject
Global
	GlobalSection(SolutionConfigurationPlatforms) = preSolution
		Debug|Any CPU = Debug|Any CPU
		Release|Any CPU = Release|Any CPU
	EndGlobalSection
	GlobalSection(ProjectConfigurationPlatforms) = postSolution
		{B6869295-EA12-4405-95D5-9612C09CAD9A}.Debug|Any CPU.ActiveCfg = Debug|Any CPU
		{B6869295-EA12-4405-95D5-9612C09CAD9A}.Debug|Any CPU.Build.0 = Debug|Any CPU
		{B6869295-EA12-4405-95D5-9612C09CAD9A}.Release|Any CPU.ActiveCfg = Release|Any CPU
		{B6869295-EA12-4405-95D5-9612C09CAD9A}.Release|Any CPU.Build.0 = Release|Any CPU
		{14C0869E-FC2C-4DA7-B68B-64E5C8C6DECD}.Debug|Any CPU.ActiveCfg = Debug|Any CPU
		{14C0869E-FC2C-4DA7-B68B-64E5C8C6DECD}.Debug|Any CPU.Build.0 = Debug|Any CPU
		{14C0869E-FC2C-4DA7-B68B-64E5C8C6DECD}.Release|Any CPU.ActiveCfg = Release|Any CPU
		{14C0869E-FC2C-4DA7-B68B-64E5C8C6DECD}.Release|Any CPU.Build.0 = Release|Any CPU
		{41F4707D-ACBB-42D0-B887-51995D160FF4}.Debug|Any CPU.ActiveCfg = Debug|Any CPU
		{41F4707D-ACBB-42D0-B887-51995D160FF4}.Debug|Any CPU.Build.0 = Debug|Any CPU
		{41F4707D-ACBB-42D0-B887-51995D160FF4}.Release|Any CPU.ActiveCfg = Release|Any CPU
		{41F4707D-ACBB-42D0-B887-51995D160FF4}.Release|Any CPU.Build.0 = Release|Any CPU
	EndGlobalSection
	GlobalSection(SolutionProperties) = preSolution
		HideSolutionNode = FALSE
	EndGlobalSection
	GlobalSection(ExtensibilityGlobals) = postSolution
		SolutionGuid = {B489A446-23A9-416E-B31E-62820B8A6260}
	EndGlobalSection
EndGlobal
